
Microsoft Visual Studio Solution File, Format Version 12.00
# Visual Studio Version 16
VisualStudioVersion = 16.0.30907.101
MinimumVisualStudioVersion = 10.0.40219.1
Project("{FAE04EC0-301F-11D3-BF4B-00C04F79EFBC}") = "TempatureCalclator", "TempatureCalclator\TempatureCalclator.csproj", "{2330EEE5-C08F-4393-AC2C-FEC8C8CCC688}"
EndProject
Global
	GlobalSection(SolutionConfigurationPlatforms) = preSolution
		Debug|Any CPU = Debug|Any CPU
		Release|Any CPU = Release|Any CPU
	EndGlobalSection
	GlobalSection(ProjectConfigurationPlatforms) = postSolution
		{2330EEE5-C08F-4393-AC2C-FEC8C8CCC688}.Debug|Any CPU.ActiveCfg = Debug|Any CPU
		{2330EEE5-C08F-4393-AC2C-FEC8C8CCC688}.Debug|Any CPU.Build.0 = Debug|Any CPU
		{2330EEE5-C08F-4393-AC2C-FEC8C8CCC688}.Release|Any CPU.ActiveCfg = Release|Any CPU
		{2330EEE5-C08F-4393-AC2C-FEC8C8CCC688}.Release|Any CPU.Build.0 = Release|Any CPU
	EndGlobalSection
	GlobalSection(SolutionProperties) = preSolution
		HideSolutionNode = FALSE
	EndGlobalSection
	GlobalSection(ExtensibilityGlobals) = postSolution
		SolutionGuid = {2E530505-08DD-4258-BA84-A1F91994EE5D}
	EndGlobalSection
EndGlobal
